
Microsoft Visual Studio Solution File, Format Version 12.00
Project("{FAE04EC0-301F-11D3-BF4B-00C04F79EFBC}") = "MdiAvalonia", "MdiAvalonia\MdiAvalonia.csproj", "{9E8953EA-5540-489B-AFBC-DD86F5EB7456}"
EndProject
Project("{FAE04EC0-301F-11D3-BF4B-00C04F79EFBC}") = "TesterApp", "TesterApp\TesterApp.csproj", "{342397E4-C0DC-459A-AA57-3120F73370B7}"
EndProject
Global
	GlobalSection(SolutionConfigurationPlatforms) = preSolution
		Debug|Any CPU = Debug|Any CPU
		Release|Any CPU = Release|Any CPU
	EndGlobalSection
	GlobalSection(ProjectConfigurationPlatforms) = postSolution
		{9E8953EA-5540-489B-AFBC-DD86F5EB7456}.Debug|Any CPU.ActiveCfg = Debug|Any CPU
		{9E8953EA-5540-489B-AFBC-DD86F5EB7456}.Debug|Any CPU.Build.0 = Debug|Any CPU
		{9E8953EA-5540-489B-AFBC-DD86F5EB7456}.Release|Any CPU.ActiveCfg = Release|Any CPU
		{9E8953EA-5540-489B-AFBC-DD86F5EB7456}.Release|Any CPU.Build.0 = Release|Any CPU
		{342397E4-C0DC-459A-AA57-3120F73370B7}.Debug|Any CPU.ActiveCfg = Debug|Any CPU
		{342397E4-C0DC-459A-AA57-3120F73370B7}.Debug|Any CPU.Build.0 = Debug|Any CPU
		{342397E4-C0DC-459A-AA57-3120F73370B7}.Release|Any CPU.ActiveCfg = Release|Any CPU
		{342397E4-C0DC-459A-AA57-3120F73370B7}.Release|Any CPU.Build.0 = Release|Any CPU
	EndGlobalSection
EndGlobal
